
Microsoft Visual Studio Solution File, Format Version 12.00
# Visual Studio Version 16
VisualStudioVersion = 16.0.32002.261
MinimumVisualStudioVersion = 10.0.40219.1
Project("{FAE04EC0-301F-11D3-BF4B-00C04F79EFBC}") = "DnDItemTracker", "DnDItemTracker\DnDItemTracker.csproj", "{28787058-90FB-4218-AACA-BD45E7F644A3}"
EndProject
Global
	GlobalSection(SolutionConfigurationPlatforms) = preSolution
		Debug|Any CPU = Debug|Any CPU
		Release|Any CPU = Release|Any CPU
	EndGlobalSection
	GlobalSection(ProjectConfigurationPlatforms) = postSolution
		{28787058-90FB-4218-AACA-BD45E7F644A3}.Debug|Any CPU.ActiveCfg = Debug|Any CPU
		{28787058-90FB-4218-AACA-BD45E7F644A3}.Debug|Any CPU.Build.0 = Debug|Any CPU
		{28787058-90FB-4218-AACA-BD45E7F644A3}.Release|Any CPU.ActiveCfg = Release|Any CPU
		{28787058-90FB-4218-AACA-BD45E7F644A3}.Release|Any CPU.Build.0 = Release|Any CPU
	EndGlobalSection
	GlobalSection(SolutionProperties) = preSolution
		HideSolutionNode = FALSE
	EndGlobalSection
	GlobalSection(ExtensibilityGlobals) = postSolution
		SolutionGuid = {1100FDD3-5DE7-4DF3-8BCA-7C5C42185F8E}
	EndGlobalSection
EndGlobal
